
Microsoft Visual Studio Solution File, Format Version 12.00
# Visual Studio Version 16
VisualStudioVersion = 16.0.31729.503
MinimumVisualStudioVersion = 10.0.40219.1
Project("{FAE04EC0-301F-11D3-BF4B-00C04F79EFBC}") = "Medan_Rodica_Lab5_EB", "Medan_Rodica_Lab5_EB.csproj", "{9FABF3C3-E311-45CC-B754-6EC7034BBC48}"
EndProject
Global
	GlobalSection(SolutionConfigurationPlatforms) = preSolution
		Debug|Any CPU = Debug|Any CPU
		Release|Any CPU = Release|Any CPU
	EndGlobalSection
	GlobalSection(ProjectConfigurationPlatforms) = postSolution
		{9FABF3C3-E311-45CC-B754-6EC7034BBC48}.Debug|Any CPU.ActiveCfg = Debug|Any CPU
		{9FABF3C3-E311-45CC-B754-6EC7034BBC48}.Debug|Any CPU.Build.0 = Debug|Any CPU
		{9FABF3C3-E311-45CC-B754-6EC7034BBC48}.Release|Any CPU.ActiveCfg = Release|Any CPU
		{9FABF3C3-E311-45CC-B754-6EC7034BBC48}.Release|Any CPU.Build.0 = Release|Any CPU
	EndGlobalSection
	GlobalSection(SolutionProperties) = preSolution
		HideSolutionNode = FALSE
	EndGlobalSection
	GlobalSection(ExtensibilityGlobals) = postSolution
		SolutionGuid = {964258E9-EB6C-49FD-9914-EEFC0BC31E3E}
	EndGlobalSection
EndGlobal
